// !$*UTF8*$!
{
	archiveVersion = 1;
	classes = {
	};
	objectVersion = 56;
	objects = {

/* Begin PBXBuildFile section */
		9C1F1F262B42C0DF00695C3E /* Intra42App.swift in Sources */ = {isa = PBXBuildFile; fileRef = 9C1F1F252B42C0DF00695C3E /* Intra42App.swift */; };
		9C1F1F282B42C0DF00695C3E /* ContentView.swift in Sources */ = {isa = PBXBuildFile; fileRef = 9C1F1F272B42C0DF00695C3E /* ContentView.swift */; };
		9C1F1F2A2B42C0E000695C3E /* Assets.xcassets in Resources */ = {isa = PBXBuildFile; fileRef = 9C1F1F292B42C0E000695C3E /* Assets.xcassets */; };
		9C1F1F2D2B42C0E000695C3E /* Preview Assets.xcassets in Resources */ = {isa = PBXBuildFile; fileRef = 9C1F1F2C2B42C0E000695C3E /* Preview Assets.xcassets */; };
		9C1F1F372B42C0E000695C3E /* Intra42Tests.swift in Sources */ = {isa = PBXBuildFile; fileRef = 9C1F1F362B42C0E000695C3E /* Intra42Tests.swift */; };
		9C1F1F412B42C0E000695C3E /* Intra42UITests.swift in Sources */ = {isa = PBXBuildFile; fileRef = 9C1F1F402B42C0E000695C3E /* Intra42UITests.swift */; };
		9C1F1F432B42C0E000695C3E /* Intra42UITestsLaunchTests.swift in Sources */ = {isa = PBXBuildFile; fileRef = 9C1F1F422B42C0E000695C3E /* Intra42UITestsLaunchTests.swift */; };
		9C1F1F542B42C45800695C3E /* Localizable.xcstrings in Resources */ = {isa = PBXBuildFile; fileRef = 9C1F1F532B42C45800695C3E /* Localizable.xcstrings */; };
		9C1F1F572B42C52100695C3E /* Api.plist in Resources */ = {isa = PBXBuildFile; fileRef = 9C1F1F562B42C52100695C3E /* Api.plist */; };
		9C1F1F5A2B42C61500695C3E /* Api.swift in Sources */ = {isa = PBXBuildFile; fileRef = 9C1F1F592B42C61500695C3E /* Api.swift */; };
		9C1F1F612B42C6E500695C3E /* User.swift in Sources */ = {isa = PBXBuildFile; fileRef = 9C1F1F602B42C6E500695C3E /* User.swift */; };
		9C1F1F632B42C77500695C3E /* CorrectionPointHistorics.swift in Sources */ = {isa = PBXBuildFile; fileRef = 9C1F1F622B42C77500695C3E /* CorrectionPointHistorics.swift */; };
		9C1F1F652B42C7BD00695C3E /* Event.swift in Sources */ = {isa = PBXBuildFile; fileRef = 9C1F1F642B42C7BD00695C3E /* Event.swift */; };
		9C1F1F672B42C81500695C3E /* Exam.swift in Sources */ = {isa = PBXBuildFile; fileRef = 9C1F1F662B42C81500695C3E /* Exam.swift */; };
		9C1F1F692B42C84100695C3E /* Logtime.swift in Sources */ = {isa = PBXBuildFile; fileRef = 9C1F1F682B42C84100695C3E /* Logtime.swift */; };
		9C1F1F6B2B42C87300695C3E /* OAuth.swift in Sources */ = {isa = PBXBuildFile; fileRef = 9C1F1F6A2B42C87300695C3E /* OAuth.swift */; };
		9C1F1F6D2B42C8A700695C3E /* Scale.swift in Sources */ = {isa = PBXBuildFile; fileRef = 9C1F1F6C2B42C8A700695C3E /* Scale.swift */; };
		9C1F1F6F2B42C8E500695C3E /* UncertainValue.swift in Sources */ = {isa = PBXBuildFile; fileRef = 9C1F1F6E2B42C8E500695C3E /* UncertainValue.swift */; };
		9C1F1F712B42C93500695C3E /* Slot.swift in Sources */ = {isa = PBXBuildFile; fileRef = 9C1F1F702B42C93500695C3E /* Slot.swift */; };
		9C1F1F742B42C9FB00695C3E /* CorrectionPointHistorics+Samples.swift in Sources */ = {isa = PBXBuildFile; fileRef = 9C1F1F732B42C9FB00695C3E /* CorrectionPointHistorics+Samples.swift */; };
		9C1F1F762B42CA3A00695C3E /* Event+Samples.swift in Sources */ = {isa = PBXBuildFile; fileRef = 9C1F1F752B42CA3A00695C3E /* Event+Samples.swift */; };
		9C1F1F782B42CA5600695C3E /* Exam+Samples.swift in Sources */ = {isa = PBXBuildFile; fileRef = 9C1F1F772B42CA5600695C3E /* Exam+Samples.swift */; };
		9C1F1F7A2B42CA7600695C3E /* Logtime+Samples.swift in Sources */ = {isa = PBXBuildFile; fileRef = 9C1F1F792B42CA7600695C3E /* Logtime+Samples.swift */; };
		9C1F1F7C2B42CA9A00695C3E /* OAuth+Samples.swift in Sources */ = {isa = PBXBuildFile; fileRef = 9C1F1F7B2B42CA9A00695C3E /* OAuth+Samples.swift */; };
		9C1F1F7E2B42CAB000695C3E /* Scale+Samples.swift in Sources */ = {isa = PBXBuildFile; fileRef = 9C1F1F7D2B42CAB000695C3E /* Scale+Samples.swift */; };
		9C1F1F802B42CAC800695C3E /* Slot+Samples.swift in Sources */ = {isa = PBXBuildFile; fileRef = 9C1F1F7F2B42CAC800695C3E /* Slot+Samples.swift */; };
		9C1F1F822B42CAE200695C3E /* User+Samples.swift in Sources */ = {isa = PBXBuildFile; fileRef = 9C1F1F812B42CAE200695C3E /* User+Samples.swift */; };
		9C1F1F852B42CBBF00695C3E /* EventRow.swift in Sources */ = {isa = PBXBuildFile; fileRef = 9C1F1F842B42CBBF00695C3E /* EventRow.swift */; };
		9C1F1F892B42CE5C00695C3E /* Api+Types.swift in Sources */ = {isa = PBXBuildFile; fileRef = 9C1F1F882B42CE5C00695C3E /* Api+Types.swift */; };
/* End PBXBuildFile section */

/* Begin PBXContainerItemProxy section */
		9C1F1F332B42C0E000695C3E /* PBXContainerItemProxy */ = {
			isa = PBXContainerItemProxy;
			containerPortal = 9C1F1F1A2B42C0DF00695C3E /* Project object */;
			proxyType = 1;
			remoteGlobalIDString = 9C1F1F212B42C0DF00695C3E;
			remoteInfo = Intra42;
		};
		9C1F1F3D2B42C0E000695C3E /* PBXContainerItemProxy */ = {
			isa = PBXContainerItemProxy;
			containerPortal = 9C1F1F1A2B42C0DF00695C3E /* Project object */;
			proxyType = 1;
			remoteGlobalIDString = 9C1F1F212B42C0DF00695C3E;
			remoteInfo = Intra42;
		};
/* End PBXContainerItemProxy section */

/* Begin PBXFileReference section */
		9C1F1F222B42C0DF00695C3E /* Intra42.app */ = {isa = PBXFileReference; explicitFileType = wrapper.application; includeInIndex = 0; path = Intra42.app; sourceTree = BUILT_PRODUCTS_DIR; };
		9C1F1F252B42C0DF00695C3E /* Intra42App.swift */ = {isa = PBXFileReference; lastKnownFileType = sourcecode.swift; path = Intra42App.swift; sourceTree = "<group>"; };
		9C1F1F272B42C0DF00695C3E /* ContentView.swift */ = {isa = PBXFileReference; lastKnownFileType = sourcecode.swift; path = ContentView.swift; sourceTree = "<group>"; };
		9C1F1F292B42C0E000695C3E /* Assets.xcassets */ = {isa = PBXFileReference; lastKnownFileType = folder.assetcatalog; path = Assets.xcassets; sourceTree = "<group>"; };
		9C1F1F2C2B42C0E000695C3E /* Preview Assets.xcassets */ = {isa = PBXFileReference; lastKnownFileType = folder.assetcatalog; path = "Preview Assets.xcassets"; sourceTree = "<group>"; };
		9C1F1F322B42C0E000695C3E /* Intra42Tests.xctest */ = {isa = PBXFileReference; explicitFileType = wrapper.cfbundle; includeInIndex = 0; path = Intra42Tests.xctest; sourceTree = BUILT_PRODUCTS_DIR; };
		9C1F1F362B42C0E000695C3E /* Intra42Tests.swift */ = {isa = PBXFileReference; lastKnownFileType = sourcecode.swift; path = Intra42Tests.swift; sourceTree = "<group>"; };
		9C1F1F3C2B42C0E000695C3E /* Intra42UITests.xctest */ = {isa = PBXFileReference; explicitFileType = wrapper.cfbundle; includeInIndex = 0; path = Intra42UITests.xctest; sourceTree = BUILT_PRODUCTS_DIR; };
		9C1F1F402B42C0E000695C3E /* Intra42UITests.swift */ = {isa = PBXFileReference; lastKnownFileType = sourcecode.swift; path = Intra42UITests.swift; sourceTree = "<group>"; };
		9C1F1F422B42C0E000695C3E /* Intra42UITestsLaunchTests.swift */ = {isa = PBXFileReference; lastKnownFileType = sourcecode.swift; path = Intra42UITestsLaunchTests.swift; sourceTree = "<group>"; };
		9C1F1F4F2B42C1B800695C3E /* README.md */ = {isa = PBXFileReference; lastKnownFileType = net.daringfireball.markdown; path = README.md; sourceTree = "<group>"; };
		9C1F1F502B42C1FE00695C3E /* LICENSE.md */ = {isa = PBXFileReference; lastKnownFileType = net.daringfireball.markdown; path = LICENSE.md; sourceTree = "<group>"; };
		9C1F1F532B42C45800695C3E /* Localizable.xcstrings */ = {isa = PBXFileReference; lastKnownFileType = text.json.xcstrings; path = Localizable.xcstrings; sourceTree = "<group>"; };
		9C1F1F552B42C49B00695C3E /* Info.plist */ = {isa = PBXFileReference; lastKnownFileType = text.plist; path = Info.plist; sourceTree = "<group>"; };
		9C1F1F562B42C52100695C3E /* Api.plist */ = {isa = PBXFileReference; lastKnownFileType = text.plist.xml; path = Api.plist; sourceTree = "<group>"; };
		9C1F1F592B42C61500695C3E /* Api.swift */ = {isa = PBXFileReference; lastKnownFileType = sourcecode.swift; path = Api.swift; sourceTree = "<group>"; };
		9C1F1F602B42C6E500695C3E /* User.swift */ = {isa = PBXFileReference; lastKnownFileType = sourcecode.swift; path = User.swift; sourceTree = "<group>"; };
		9C1F1F622B42C77500695C3E /* CorrectionPointHistorics.swift */ = {isa = PBXFileReference; lastKnownFileType = sourcecode.swift; path = CorrectionPointHistorics.swift; sourceTree = "<group>"; };
		9C1F1F642B42C7BD00695C3E /* Event.swift */ = {isa = PBXFileReference; lastKnownFileType = sourcecode.swift; path = Event.swift; sourceTree = "<group>"; };
		9C1F1F662B42C81500695C3E /* Exam.swift */ = {isa = PBXFileReference; lastKnownFileType = sourcecode.swift; path = Exam.swift; sourceTree = "<group>"; };
		9C1F1F682B42C84100695C3E /* Logtime.swift */ = {isa = PBXFileReference; lastKnownFileType = sourcecode.swift; path = Logtime.swift; sourceTree = "<group>"; };
		9C1F1F6A2B42C87300695C3E /* OAuth.swift */ = {isa = PBXFileReference; lastKnownFileType = sourcecode.swift; path = OAuth.swift; sourceTree = "<group>"; };
		9C1F1F6C2B42C8A700695C3E /* Scale.swift */ = {isa = PBXFileReference; lastKnownFileType = sourcecode.swift; path = Scale.swift; sourceTree = "<group>"; };
		9C1F1F6E2B42C8E500695C3E /* UncertainValue.swift */ = {isa = PBXFileReference; lastKnownFileType = sourcecode.swift; path = UncertainValue.swift; sourceTree = "<group>"; };
		9C1F1F702B42C93500695C3E /* Slot.swift */ = {isa = PBXFileReference; lastKnownFileType = sourcecode.swift; path = Slot.swift; sourceTree = "<group>"; };
		9C1F1F732B42C9FB00695C3E /* CorrectionPointHistorics+Samples.swift */ = {isa = PBXFileReference; lastKnownFileType = sourcecode.swift; path = "CorrectionPointHistorics+Samples.swift"; sourceTree = "<group>"; };
		9C1F1F752B42CA3A00695C3E /* Event+Samples.swift */ = {isa = PBXFileReference; lastKnownFileType = sourcecode.swift; path = "Event+Samples.swift"; sourceTree = "<group>"; };
		9C1F1F772B42CA5600695C3E /* Exam+Samples.swift */ = {isa = PBXFileReference; lastKnownFileType = sourcecode.swift; path = "Exam+Samples.swift"; sourceTree = "<group>"; };
		9C1F1F792B42CA7600695C3E /* Logtime+Samples.swift */ = {isa = PBXFileReference; lastKnownFileType = sourcecode.swift; path = "Logtime+Samples.swift"; sourceTree = "<group>"; };
		9C1F1F7B2B42CA9A00695C3E /* OAuth+Samples.swift */ = {isa = PBXFileReference; lastKnownFileType = sourcecode.swift; path = "OAuth+Samples.swift"; sourceTree = "<group>"; };
		9C1F1F7D2B42CAB000695C3E /* Scale+Samples.swift */ = {isa = PBXFileReference; lastKnownFileType = sourcecode.swift; path = "Scale+Samples.swift"; sourceTree = "<group>"; };
		9C1F1F7F2B42CAC800695C3E /* Slot+Samples.swift */ = {isa = PBXFileReference; lastKnownFileType = sourcecode.swift; path = "Slot+Samples.swift"; sourceTree = "<group>"; };
		9C1F1F812B42CAE200695C3E /* User+Samples.swift */ = {isa = PBXFileReference; lastKnownFileType = sourcecode.swift; path = "User+Samples.swift"; sourceTree = "<group>"; };
		9C1F1F842B42CBBF00695C3E /* EventRow.swift */ = {isa = PBXFileReference; lastKnownFileType = sourcecode.swift; path = EventRow.swift; sourceTree = "<group>"; };
		9C1F1F882B42CE5C00695C3E /* Api+Types.swift */ = {isa = PBXFileReference; lastKnownFileType = sourcecode.swift; path = "Api+Types.swift"; sourceTree = "<group>"; };
/* End PBXFileReference section */

/* Begin PBXFrameworksBuildPhase section */
		9C1F1F1F2B42C0DF00695C3E /* Frameworks */ = {
			isa = PBXFrameworksBuildPhase;
			buildActionMask = 2147483647;
			files = (
			);
			runOnlyForDeploymentPostprocessing = 0;
		};
		9C1F1F2F2B42C0E000695C3E /* Frameworks */ = {
			isa = PBXFrameworksBuildPhase;
			buildActionMask = 2147483647;
			files = (
			);
			runOnlyForDeploymentPostprocessing = 0;
		};
		9C1F1F392B42C0E000695C3E /* Frameworks */ = {
			isa = PBXFrameworksBuildPhase;
			buildActionMask = 2147483647;
			files = (
			);
			runOnlyForDeploymentPostprocessing = 0;
		};
/* End PBXFrameworksBuildPhase section */

/* Begin PBXGroup section */
		9C1F1F192B42C0DF00695C3E = {
			isa = PBXGroup;
			children = (
				9C1F1F502B42C1FE00695C3E /* LICENSE.md */,
				9C1F1F4F2B42C1B800695C3E /* README.md */,
				9C1F1F242B42C0DF00695C3E /* Intra42 */,
				9C1F1F352B42C0E000695C3E /* Intra42Tests */,
				9C1F1F3F2B42C0E000695C3E /* Intra42UITests */,
				9C1F1F232B42C0DF00695C3E /* Products */,
			);
			sourceTree = "<group>";
		};
		9C1F1F232B42C0DF00695C3E /* Products */ = {
			isa = PBXGroup;
			children = (
				9C1F1F222B42C0DF00695C3E /* Intra42.app */,
				9C1F1F322B42C0E000695C3E /* Intra42Tests.xctest */,
				9C1F1F3C2B42C0E000695C3E /* Intra42UITests.xctest */,
			);
			name = Products;
			sourceTree = "<group>";
		};
		9C1F1F242B42C0DF00695C3E /* Intra42 */ = {
			isa = PBXGroup;
			children = (
				9C1F1F582B42C60F00695C3E /* Api */,
				9C1F1F512B42C2D800695C3E /* Navigation */,
				9C1F1F2B2B42C0E000695C3E /* Preview Content */,
				9C1F1F522B42C2DE00695C3E /* Ressources */,
				9C1F1F562B42C52100695C3E /* Api.plist */,
				9C1F1F552B42C49B00695C3E /* Info.plist */,
				9C1F1F252B42C0DF00695C3E /* Intra42App.swift */,
			);
			path = Intra42;
			sourceTree = "<group>";
		};
		9C1F1F2B2B42C0E000695C3E /* Preview Content */ = {
			isa = PBXGroup;
			children = (
				9C1F1F722B42C9D500695C3E /* Api */,
				9C1F1F2C2B42C0E000695C3E /* Preview Assets.xcassets */,
			);
			path = "Preview Content";
			sourceTree = "<group>";
		};
		9C1F1F352B42C0E000695C3E /* Intra42Tests */ = {
			isa = PBXGroup;
			children = (
				9C1F1F362B42C0E000695C3E /* Intra42Tests.swift */,
			);
			path = Intra42Tests;
			sourceTree = "<group>";
		};
		9C1F1F3F2B42C0E000695C3E /* Intra42UITests */ = {
			isa = PBXGroup;
			children = (
				9C1F1F402B42C0E000695C3E /* Intra42UITests.swift */,
				9C1F1F422B42C0E000695C3E /* Intra42UITestsLaunchTests.swift */,
			);
			path = Intra42UITests;
			sourceTree = "<group>";
		};
		9C1F1F512B42C2D800695C3E /* Navigation */ = {
			isa = PBXGroup;
			children = (
				9C1F1F272B42C0DF00695C3E /* ContentView.swift */,
			);
			path = Navigation;
			sourceTree = "<group>";
		};
		9C1F1F522B42C2DE00695C3E /* Ressources */ = {
			isa = PBXGroup;
			children = (
				9C1F1F292B42C0E000695C3E /* Assets.xcassets */,
				9C1F1F532B42C45800695C3E /* Localizable.xcstrings */,
			);
			path = Ressources;
			sourceTree = "<group>";
		};
		9C1F1F582B42C60F00695C3E /* Api */ = {
			isa = PBXGroup;
			children = (
				9C1F1F872B42CE5400695C3E /* Extensions */,
				9C1F1F5B2B42C66000695C3E /* Types */,
				9C1F1F832B42CB4F00695C3E /* UI Components */,
				9C1F1F592B42C61500695C3E /* Api.swift */,
			);
			path = Api;
			sourceTree = "<group>";
		};
		9C1F1F5B2B42C66000695C3E /* Types */ = {
			isa = PBXGroup;
			children = (
				9C1F1F622B42C77500695C3E /* CorrectionPointHistorics.swift */,
				9C1F1F642B42C7BD00695C3E /* Event.swift */,
				9C1F1F662B42C81500695C3E /* Exam.swift */,
				9C1F1F682B42C84100695C3E /* Logtime.swift */,
				9C1F1F6A2B42C87300695C3E /* OAuth.swift */,
				9C1F1F6C2B42C8A700695C3E /* Scale.swift */,
				9C1F1F702B42C93500695C3E /* Slot.swift */,
				9C1F1F6E2B42C8E500695C3E /* UncertainValue.swift */,
				9C1F1F602B42C6E500695C3E /* User.swift */,
			);
			path = Types;
			sourceTree = "<group>";
		};
		9C1F1F722B42C9D500695C3E /* Api */ = {
			isa = PBXGroup;
			children = (
				9C1F1F732B42C9FB00695C3E /* CorrectionPointHistorics+Samples.swift */,
				9C1F1F752B42CA3A00695C3E /* Event+Samples.swift */,
				9C1F1F772B42CA5600695C3E /* Exam+Samples.swift */,
				9C1F1F792B42CA7600695C3E /* Logtime+Samples.swift */,
				9C1F1F7B2B42CA9A00695C3E /* OAuth+Samples.swift */,
				9C1F1F7D2B42CAB000695C3E /* Scale+Samples.swift */,
				9C1F1F7F2B42CAC800695C3E /* Slot+Samples.swift */,
				9C1F1F812B42CAE200695C3E /* User+Samples.swift */,
			);
			path = Api;
			sourceTree = "<group>";
		};
		9C1F1F832B42CB4F00695C3E /* UI Components */ = {
			isa = PBXGroup;
			children = (
				9C1F1F862B42CD7A00695C3E /* Rows */,
			);
			path = "UI Components";
			sourceTree = "<group>";
		};
		9C1F1F862B42CD7A00695C3E /* Rows */ = {
			isa = PBXGroup;
			children = (
				9C1F1F842B42CBBF00695C3E /* EventRow.swift */,
			);
			path = Rows;
			sourceTree = "<group>";
		};
		9C1F1F872B42CE5400695C3E /* Extensions */ = {
			isa = PBXGroup;
			children = (
				9C1F1F882B42CE5C00695C3E /* Api+Types.swift */,
			);
			path = Extensions;
			sourceTree = "<group>";
		};
/* End PBXGroup section */

/* Begin PBXNativeTarget section */
		9C1F1F212B42C0DF00695C3E /* Intra42 */ = {
			isa = PBXNativeTarget;
			buildConfigurationList = 9C1F1F462B42C0E000695C3E /* Build configuration list for PBXNativeTarget "Intra42" */;
			buildPhases = (
				9C1F1F1E2B42C0DF00695C3E /* Sources */,
				9C1F1F1F2B42C0DF00695C3E /* Frameworks */,
				9C1F1F202B42C0DF00695C3E /* Resources */,
			);
			buildRules = (
			);
			dependencies = (
			);
			name = Intra42;
			productName = Intra42;
			productReference = 9C1F1F222B42C0DF00695C3E /* Intra42.app */;
			productType = "com.apple.product-type.application";
		};
		9C1F1F312B42C0E000695C3E /* Intra42Tests */ = {
			isa = PBXNativeTarget;
			buildConfigurationList = 9C1F1F492B42C0E000695C3E /* Build configuration list for PBXNativeTarget "Intra42Tests" */;
			buildPhases = (
				9C1F1F2E2B42C0E000695C3E /* Sources */,
				9C1F1F2F2B42C0E000695C3E /* Frameworks */,
				9C1F1F302B42C0E000695C3E /* Resources */,
			);
			buildRules = (
			);
			dependencies = (
				9C1F1F342B42C0E000695C3E /* PBXTargetDependency */,
			);
			name = Intra42Tests;
			productName = Intra42Tests;
			productReference = 9C1F1F322B42C0E000695C3E /* Intra42Tests.xctest */;
			productType = "com.apple.product-type.bundle.unit-test";
		};
		9C1F1F3B2B42C0E000695C3E /* Intra42UITests */ = {
			isa = PBXNativeTarget;
			buildConfigurationList = 9C1F1F4C2B42C0E000695C3E /* Build configuration list for PBXNativeTarget "Intra42UITests" */;
			buildPhases = (
				9C1F1F382B42C0E000695C3E /* Sources */,
				9C1F1F392B42C0E000695C3E /* Frameworks */,
				9C1F1F3A2B42C0E000695C3E /* Resources */,
			);
			buildRules = (
			);
			dependencies = (
				9C1F1F3E2B42C0E000695C3E /* PBXTargetDependency */,
			);
			name = Intra42UITests;
			productName = Intra42UITests;
			productReference = 9C1F1F3C2B42C0E000695C3E /* Intra42UITests.xctest */;
			productType = "com.apple.product-type.bundle.ui-testing";
		};
/* End PBXNativeTarget section */

/* Begin PBXProject section */
		9C1F1F1A2B42C0DF00695C3E /* Project object */ = {
			isa = PBXProject;
			attributes = {
				BuildIndependentTargetsInParallel = 1;
				LastSwiftUpdateCheck = 1510;
				LastUpgradeCheck = 1510;
				TargetAttributes = {
					9C1F1F212B42C0DF00695C3E = {
						CreatedOnToolsVersion = 15.1;
					};
					9C1F1F312B42C0E000695C3E = {
						CreatedOnToolsVersion = 15.1;
						TestTargetID = 9C1F1F212B42C0DF00695C3E;
					};
					9C1F1F3B2B42C0E000695C3E = {
						CreatedOnToolsVersion = 15.1;
						TestTargetID = 9C1F1F212B42C0DF00695C3E;
					};
				};
			};
			buildConfigurationList = 9C1F1F1D2B42C0DF00695C3E /* Build configuration list for PBXProject "Intra42" */;
			compatibilityVersion = "Xcode 14.0";
			developmentRegion = en;
			hasScannedForEncodings = 0;
			knownRegions = (
				en,
				Base,
				fr,
			);
			mainGroup = 9C1F1F192B42C0DF00695C3E;
			productRefGroup = 9C1F1F232B42C0DF00695C3E /* Products */;
			projectDirPath = "";
			projectRoot = "";
			targets = (
				9C1F1F212B42C0DF00695C3E /* Intra42 */,
				9C1F1F312B42C0E000695C3E /* Intra42Tests */,
				9C1F1F3B2B42C0E000695C3E /* Intra42UITests */,
			);
		};
/* End PBXProject section */

/* Begin PBXResourcesBuildPhase section */
		9C1F1F202B42C0DF00695C3E /* Resources */ = {
			isa = PBXResourcesBuildPhase;
			buildActionMask = 2147483647;
			files = (
				9C1F1F2D2B42C0E000695C3E /* Preview Assets.xcassets in Resources */,
				9C1F1F572B42C52100695C3E /* Api.plist in Resources */,
				9C1F1F2A2B42C0E000695C3E /* Assets.xcassets in Resources */,
				9C1F1F542B42C45800695C3E /* Localizable.xcstrings in Resources */,
			);
			runOnlyForDeploymentPostprocessing = 0;
		};
		9C1F1F302B42C0E000695C3E /* Resources */ = {
			isa = PBXResourcesBuildPhase;
			buildActionMask = 2147483647;
			files = (
			);
			runOnlyForDeploymentPostprocessing = 0;
		};
		9C1F1F3A2B42C0E000695C3E /* Resources */ = {
			isa = PBXResourcesBuildPhase;
			buildActionMask = 2147483647;
			files = (
			);
			runOnlyForDeploymentPostprocessing = 0;
		};
/* End PBXResourcesBuildPhase section */

/* Begin PBXSourcesBuildPhase section */
		9C1F1F1E2B42C0DF00695C3E /* Sources */ = {
			isa = PBXSourcesBuildPhase;
			buildActionMask = 2147483647;
			files = (
				9C1F1F742B42C9FB00695C3E /* CorrectionPointHistorics+Samples.swift in Sources */,
				9C1F1F7A2B42CA7600695C3E /* Logtime+Samples.swift in Sources */,
				9C1F1F802B42CAC800695C3E /* Slot+Samples.swift in Sources */,
				9C1F1F6B2B42C87300695C3E /* OAuth.swift in Sources */,
				9C1F1F852B42CBBF00695C3E /* EventRow.swift in Sources */,
				9C1F1F672B42C81500695C3E /* Exam.swift in Sources */,
				9C1F1F7C2B42CA9A00695C3E /* OAuth+Samples.swift in Sources */,
				9C1F1F692B42C84100695C3E /* Logtime.swift in Sources */,
				9C1F1F612B42C6E500695C3E /* User.swift in Sources */,
				9C1F1F822B42CAE200695C3E /* User+Samples.swift in Sources */,
				9C1F1F5A2B42C61500695C3E /* Api.swift in Sources */,
				9C1F1F7E2B42CAB000695C3E /* Scale+Samples.swift in Sources */,
				9C1F1F282B42C0DF00695C3E /* ContentView.swift in Sources */,
				9C1F1F632B42C77500695C3E /* CorrectionPointHistorics.swift in Sources */,
				9C1F1F712B42C93500695C3E /* Slot.swift in Sources */,
				9C1F1F782B42CA5600695C3E /* Exam+Samples.swift in Sources */,
				9C1F1F652B42C7BD00695C3E /* Event.swift in Sources */,
				9C1F1F762B42CA3A00695C3E /* Event+Samples.swift in Sources */,
				9C1F1F892B42CE5C00695C3E /* Api+Types.swift in Sources */,
				9C1F1F6F2B42C8E500695C3E /* UncertainValue.swift in Sources */,
				9C1F1F6D2B42C8A700695C3E /* Scale.swift in Sources */,
				9C1F1F262B42C0DF00695C3E /* Intra42App.swift in Sources */,
			);
			runOnlyForDeploymentPostprocessing = 0;
		};
		9C1F1F2E2B42C0E000695C3E /* Sources */ = {
			isa = PBXSourcesBuildPhase;
			buildActionMask = 2147483647;
			files = (
				9C1F1F372B42C0E000695C3E /* Intra42Tests.swift in Sources */,
			);
			runOnlyForDeploymentPostprocessing = 0;
		};
		9C1F1F382B42C0E000695C3E /* Sources */ = {
			isa = PBXSourcesBuildPhase;
			buildActionMask = 2147483647;
			files = (
				9C1F1F412B42C0E000695C3E /* Intra42UITests.swift in Sources */,
				9C1F1F432B42C0E000695C3E /* Intra42UITestsLaunchTests.swift in Sources */,
			);
			runOnlyForDeploymentPostprocessing = 0;
		};
/* End PBXSourcesBuildPhase section */

/* Begin PBXTargetDependency section */
		9C1F1F342B42C0E000695C3E /* PBXTargetDependency */ = {
			isa = PBXTargetDependency;
			target = 9C1F1F212B42C0DF00695C3E /* Intra42 */;
			targetProxy = 9C1F1F332B42C0E000695C3E /* PBXContainerItemProxy */;
		};
		9C1F1F3E2B42C0E000695C3E /* PBXTargetDependency */ = {
			isa = PBXTargetDependency;
			target = 9C1F1F212B42C0DF00695C3E /* Intra42 */;
			targetProxy = 9C1F1F3D2B42C0E000695C3E /* PBXContainerItemProxy */;
		};
/* End PBXTargetDependency section */

/* Begin XCBuildConfiguration section */
		9C1F1F442B42C0E000695C3E /* Debug */ = {
			isa = XCBuildConfiguration;
			buildSettings = {
				ALWAYS_SEARCH_USER_PATHS = NO;
				ASSETCATALOG_COMPILER_GENERATE_SWIFT_ASSET_SYMBOL_EXTENSIONS = YES;
				CLANG_ANALYZER_NONNULL = YES;
				CLANG_ANALYZER_NUMBER_OBJECT_CONVERSION = YES_AGGRESSIVE;
				CLANG_CXX_LANGUAGE_STANDARD = "gnu++20";
				CLANG_ENABLE_MODULES = YES;
				CLANG_ENABLE_OBJC_ARC = YES;
				CLANG_ENABLE_OBJC_WEAK = YES;
				CLANG_WARN_BLOCK_CAPTURE_AUTORELEASING = YES;
				CLANG_WARN_BOOL_CONVERSION = YES;
				CLANG_WARN_COMMA = YES;
				CLANG_WARN_CONSTANT_CONVERSION = YES;
				CLANG_WARN_DEPRECATED_OBJC_IMPLEMENTATIONS = YES;
				CLANG_WARN_DIRECT_OBJC_ISA_USAGE = YES_ERROR;
				CLANG_WARN_DOCUMENTATION_COMMENTS = YES;
				CLANG_WARN_EMPTY_BODY = YES;
				CLANG_WARN_ENUM_CONVERSION = YES;
				CLANG_WARN_INFINITE_RECURSION = YES;
				CLANG_WARN_INT_CONVERSION = YES;
				CLANG_WARN_NON_LITERAL_NULL_CONVERSION = YES;
				CLANG_WARN_OBJC_IMPLICIT_RETAIN_SELF = YES;
				CLANG_WARN_OBJC_LITERAL_CONVERSION = YES;
				CLANG_WARN_OBJC_ROOT_CLASS = YES_ERROR;
				CLANG_WARN_QUOTED_INCLUDE_IN_FRAMEWORK_HEADER = YES;
				CLANG_WARN_RANGE_LOOP_ANALYSIS = YES;
				CLANG_WARN_STRICT_PROTOTYPES = YES;
				CLANG_WARN_SUSPICIOUS_MOVE = YES;
				CLANG_WARN_UNGUARDED_AVAILABILITY = YES_AGGRESSIVE;
				CLANG_WARN_UNREACHABLE_CODE = YES;
				CLANG_WARN__DUPLICATE_METHOD_MATCH = YES;
				COPY_PHASE_STRIP = NO;
				DEBUG_INFORMATION_FORMAT = dwarf;
				ENABLE_STRICT_OBJC_MSGSEND = YES;
				ENABLE_TESTABILITY = YES;
				ENABLE_USER_SCRIPT_SANDBOXING = YES;
				GCC_C_LANGUAGE_STANDARD = gnu17;
				GCC_DYNAMIC_NO_PIC = NO;
				GCC_NO_COMMON_BLOCKS = YES;
				GCC_OPTIMIZATION_LEVEL = 0;
				GCC_PREPROCESSOR_DEFINITIONS = (
					"DEBUG=1",
					"$(inherited)",
				);
				GCC_WARN_64_TO_32_BIT_CONVERSION = YES;
				GCC_WARN_ABOUT_RETURN_TYPE = YES_ERROR;
				GCC_WARN_UNDECLARED_SELECTOR = YES;
				GCC_WARN_UNINITIALIZED_AUTOS = YES_AGGRESSIVE;
				GCC_WARN_UNUSED_FUNCTION = YES;
				GCC_WARN_UNUSED_VARIABLE = YES;
				IPHONEOS_DEPLOYMENT_TARGET = 17.2;
				LOCALIZATION_PREFERS_STRING_CATALOGS = YES;
				MTL_ENABLE_DEBUG_INFO = INCLUDE_SOURCE;
				MTL_FAST_MATH = YES;
				ONLY_ACTIVE_ARCH = YES;
				SDKROOT = iphoneos;
				SWIFT_ACTIVE_COMPILATION_CONDITIONS = "DEBUG $(inherited)";
				SWIFT_OPTIMIZATION_LEVEL = "-Onone";
			};
			name = Debug;
		};
		9C1F1F452B42C0E000695C3E /* Release */ = {
			isa = XCBuildConfiguration;
			buildSettings = {
				ALWAYS_SEARCH_USER_PATHS = NO;
				ASSETCATALOG_COMPILER_GENERATE_SWIFT_ASSET_SYMBOL_EXTENSIONS = YES;
				CLANG_ANALYZER_NONNULL = YES;
				CLANG_ANALYZER_NUMBER_OBJECT_CONVERSION = YES_AGGRESSIVE;
				CLANG_CXX_LANGUAGE_STANDARD = "gnu++20";
				CLANG_ENABLE_MODULES = YES;
				CLANG_ENABLE_OBJC_ARC = YES;
				CLANG_ENABLE_OBJC_WEAK = YES;
				CLANG_WARN_BLOCK_CAPTURE_AUTORELEASING = YES;
				CLANG_WARN_BOOL_CONVERSION = YES;
				CLANG_WARN_COMMA = YES;
				CLANG_WARN_CONSTANT_CONVERSION = YES;
				CLANG_WARN_DEPRECATED_OBJC_IMPLEMENTATIONS = YES;
				CLANG_WARN_DIRECT_OBJC_ISA_USAGE = YES_ERROR;
				CLANG_WARN_DOCUMENTATION_COMMENTS = YES;
				CLANG_WARN_EMPTY_BODY = YES;
				CLANG_WARN_ENUM_CONVERSION = YES;
				CLANG_WARN_INFINITE_RECURSION = YES;
				CLANG_WARN_INT_CONVERSION = YES;
				CLANG_WARN_NON_LITERAL_NULL_CONVERSION = YES;
				CLANG_WARN_OBJC_IMPLICIT_RETAIN_SELF = YES;
				CLANG_WARN_OBJC_LITERAL_CONVERSION = YES;
				CLANG_WARN_OBJC_ROOT_CLASS = YES_ERROR;
				CLANG_WARN_QUOTED_INCLUDE_IN_FRAMEWORK_HEADER = YES;
				CLANG_WARN_RANGE_LOOP_ANALYSIS = YES;
				CLANG_WARN_STRICT_PROTOTYPES = YES;
				CLANG_WARN_SUSPICIOUS_MOVE = YES;
				CLANG_WARN_UNGUARDED_AVAILABILITY = YES_AGGRESSIVE;
				CLANG_WARN_UNREACHABLE_CODE = YES;
				CLANG_WARN__DUPLICATE_METHOD_MATCH = YES;
				COPY_PHASE_STRIP = NO;
				DEBUG_INFORMATION_FORMAT = "dwarf-with-dsym";
				ENABLE_NS_ASSERTIONS = NO;
				ENABLE_STRICT_OBJC_MSGSEND = YES;
				ENABLE_USER_SCRIPT_SANDBOXING = YES;
				GCC_C_LANGUAGE_STANDARD = gnu17;
				GCC_NO_COMMON_BLOCKS = YES;
				GCC_WARN_64_TO_32_BIT_CONVERSION = YES;
				GCC_WARN_ABOUT_RETURN_TYPE = YES_ERROR;
				GCC_WARN_UNDECLARED_SELECTOR = YES;
				GCC_WARN_UNINITIALIZED_AUTOS = YES_AGGRESSIVE;
				GCC_WARN_UNUSED_FUNCTION = YES;
				GCC_WARN_UNUSED_VARIABLE = YES;
				IPHONEOS_DEPLOYMENT_TARGET = 17.2;
				LOCALIZATION_PREFERS_STRING_CATALOGS = YES;
				MTL_ENABLE_DEBUG_INFO = NO;
				MTL_FAST_MATH = YES;
				SDKROOT = iphoneos;
				SWIFT_COMPILATION_MODE = wholemodule;
				VALIDATE_PRODUCT = YES;
			};
			name = Release;
		};
		9C1F1F472B42C0E000695C3E /* Debug */ = {
			isa = XCBuildConfiguration;
			buildSettings = {
				ASSETCATALOG_COMPILER_APPICON_NAME = AppIcon;
				ASSETCATALOG_COMPILER_GLOBAL_ACCENT_COLOR_NAME = AccentColor;
				CODE_SIGN_STYLE = Automatic;
				CURRENT_PROJECT_VERSION = 1;
				DEVELOPMENT_ASSET_PATHS = "\"Intra42/Preview Content\"";
				DEVELOPMENT_TEAM = BHH429N5DK;
				ENABLE_PREVIEWS = YES;
				GENERATE_INFOPLIST_FILE = YES;
				INFOPLIST_FILE = Intra42/Info.plist;
				INFOPLIST_KEY_UIApplicationSceneManifest_Generation = YES;
				INFOPLIST_KEY_UIApplicationSupportsIndirectInputEvents = YES;
				INFOPLIST_KEY_UILaunchScreen_Generation = YES;
				INFOPLIST_KEY_UISupportedInterfaceOrientations_iPad = "UIInterfaceOrientationPortrait UIInterfaceOrientationPortraitUpsideDown UIInterfaceOrientationLandscapeLeft UIInterfaceOrientationLandscapeRight";
				INFOPLIST_KEY_UISupportedInterfaceOrientations_iPhone = "UIInterfaceOrientationPortrait UIInterfaceOrientationLandscapeLeft UIInterfaceOrientationLandscapeRight";
				LD_RUNPATH_SEARCH_PATHS = (
					"$(inherited)",
					"@executable_path/Frameworks",
				);
				MARKETING_VERSION = 1.0;
				PRODUCT_BUNDLE_IDENTIFIER = fr.marcmosca.Intra42;
				PRODUCT_NAME = "$(TARGET_NAME)";
				SWIFT_EMIT_LOC_STRINGS = YES;
				SWIFT_VERSION = 5.0;
				TARGETED_DEVICE_FAMILY = "1,2";
			};
			name = Debug;
		};
		9C1F1F482B42C0E000695C3E /* Release */ = {
			isa = XCBuildConfiguration;
			buildSettings = {
				ASSETCATALOG_COMPILER_APPICON_NAME = AppIcon;
				ASSETCATALOG_COMPILER_GLOBAL_ACCENT_COLOR_NAME = AccentColor;
				CODE_SIGN_STYLE = Automatic;
				CURRENT_PROJECT_VERSION = 1;
				DEVELOPMENT_ASSET_PATHS = "\"Intra42/Preview Content\"";
				DEVELOPMENT_TEAM = BHH429N5DK;
				ENABLE_PREVIEWS = YES;
				GENERATE_INFOPLIST_FILE = YES;
				INFOPLIST_FILE = Intra42/Info.plist;
				INFOPLIST_KEY_UIApplicationSceneManifest_Generation = YES;
				INFOPLIST_KEY_UIApplicationSupportsIndirectInputEvents = YES;
				INFOPLIST_KEY_UILaunchScreen_Generation = YES;
				INFOPLIST_KEY_UISupportedInterfaceOrientations_iPad = "UIInterfaceOrientationPortrait UIInterfaceOrientationPortraitUpsideDown UIInterfaceOrientationLandscapeLeft UIInterfaceOrientationLandscapeRight";
				INFOPLIST_KEY_UISupportedInterfaceOrientations_iPhone = "UIInterfaceOrientationPortrait UIInterfaceOrientationLandscapeLeft UIInterfaceOrientationLandscapeRight";
				LD_RUNPATH_SEARCH_PATHS = (
					"$(inherited)",
					"@executable_path/Frameworks",
				);
				MARKETING_VERSION = 1.0;
				PRODUCT_BUNDLE_IDENTIFIER = fr.marcmosca.Intra42;
				PRODUCT_NAME = "$(TARGET_NAME)";
				SWIFT_EMIT_LOC_STRINGS = YES;
				SWIFT_VERSION = 5.0;
				TARGETED_DEVICE_FAMILY = "1,2";
			};
			name = Release;
		};
		9C1F1F4A2B42C0E000695C3E /* Debug */ = {
			isa = XCBuildConfiguration;
			buildSettings = {
				ALWAYS_EMBED_SWIFT_STANDARD_LIBRARIES = YES;
				BUNDLE_LOADER = "$(TEST_HOST)";
				CODE_SIGN_STYLE = Automatic;
				CURRENT_PROJECT_VERSION = 1;
				DEVELOPMENT_TEAM = BHH429N5DK;
				GENERATE_INFOPLIST_FILE = YES;
				IPHONEOS_DEPLOYMENT_TARGET = 17.2;
				MARKETING_VERSION = 1.0;
				PRODUCT_BUNDLE_IDENTIFIER = fr.marcmosca.Intra42Tests;
				PRODUCT_NAME = "$(TARGET_NAME)";
				SWIFT_EMIT_LOC_STRINGS = NO;
				SWIFT_VERSION = 5.0;
				TARGETED_DEVICE_FAMILY = "1,2";
				TEST_HOST = "$(BUILT_PRODUCTS_DIR)/Intra42.app/$(BUNDLE_EXECUTABLE_FOLDER_PATH)/Intra42";
			};
			name = Debug;
		};
		9C1F1F4B2B42C0E000695C3E /* Release */ = {
			isa = XCBuildConfiguration;
			buildSettings = {
				ALWAYS_EMBED_SWIFT_STANDARD_LIBRARIES = YES;
				BUNDLE_LOADER = "$(TEST_HOST)";
				CODE_SIGN_STYLE = Automatic;
				CURRENT_PROJECT_VERSION = 1;
				DEVELOPMENT_TEAM = BHH429N5DK;
				GENERATE_INFOPLIST_FILE = YES;
				IPHONEOS_DEPLOYMENT_TARGET = 17.2;
				MARKETING_VERSION = 1.0;
				PRODUCT_BUNDLE_IDENTIFIER = fr.marcmosca.Intra42Tests;
				PRODUCT_NAME = "$(TARGET_NAME)";
				SWIFT_EMIT_LOC_STRINGS = NO;
				SWIFT_VERSION = 5.0;
				TARGETED_DEVICE_FAMILY = "1,2";
				TEST_HOST = "$(BUILT_PRODUCTS_DIR)/Intra42.app/$(BUNDLE_EXECUTABLE_FOLDER_PATH)/Intra42";
			};
			name = Release;
		};
		9C1F1F4D2B42C0E000695C3E /* Debug */ = {
			isa = XCBuildConfiguration;
			buildSettings = {
				ALWAYS_EMBED_SWIFT_STANDARD_LIBRARIES = YES;
				CODE_SIGN_STYLE = Automatic;
				CURRENT_PROJECT_VERSION = 1;
				DEVELOPMENT_TEAM = BHH429N5DK;
				GENERATE_INFOPLIST_FILE = YES;
				MARKETING_VERSION = 1.0;
				PRODUCT_BUNDLE_IDENTIFIER = fr.marcmosca.Intra42UITests;
				PRODUCT_NAME = "$(TARGET_NAME)";
				SWIFT_EMIT_LOC_STRINGS = NO;
				SWIFT_VERSION = 5.0;
				TARGETED_DEVICE_FAMILY = "1,2";
				TEST_TARGET_NAME = Intra42;
			};
			name = Debug;
		};
		9C1F1F4E2B42C0E000695C3E /* Release */ = {
			isa = XCBuildConfiguration;
			buildSettings = {
				ALWAYS_EMBED_SWIFT_STANDARD_LIBRARIES = YES;
				CODE_SIGN_STYLE = Automatic;
				CURRENT_PROJECT_VERSION = 1;
				DEVELOPMENT_TEAM = BHH429N5DK;
				GENERATE_INFOPLIST_FILE = YES;
				MARKETING_VERSION = 1.0;
				PRODUCT_BUNDLE_IDENTIFIER = fr.marcmosca.Intra42UITests;
				PRODUCT_NAME = "$(TARGET_NAME)";
				SWIFT_EMIT_LOC_STRINGS = NO;
				SWIFT_VERSION = 5.0;
				TARGETED_DEVICE_FAMILY = "1,2";
				TEST_TARGET_NAME = Intra42;
			};
			name = Release;
		};
/* End XCBuildConfiguration section */

/* Begin XCConfigurationList section */
		9C1F1F1D2B42C0DF00695C3E /* Build configuration list for PBXProject "Intra42" */ = {
			isa = XCConfigurationList;
			buildConfigurations = (
				9C1F1F442B42C0E000695C3E /* Debug */,
				9C1F1F452B42C0E000695C3E /* Release */,
			);
			defaultConfigurationIsVisible = 0;
			defaultConfigurationName = Release;
		};
		9C1F1F462B42C0E000695C3E /* Build configuration list for PBXNativeTarget "Intra42" */ = {
			isa = XCConfigurationList;
			buildConfigurations = (
				9C1F1F472B42C0E000695C3E /* Debug */,
				9C1F1F482B42C0E000695C3E /* Release */,
			);
			defaultConfigurationIsVisible = 0;
			defaultConfigurationName = Release;
		};
		9C1F1F492B42C0E000695C3E /* Build configuration list for PBXNativeTarget "Intra42Tests" */ = {
			isa = XCConfigurationList;
			buildConfigurations = (
				9C1F1F4A2B42C0E000695C3E /* Debug */,
				9C1F1F4B2B42C0E000695C3E /* Release */,
			);
			defaultConfigurationIsVisible = 0;
			defaultConfigurationName = Release;
		};
		9C1F1F4C2B42C0E000695C3E /* Build configuration list for PBXNativeTarget "Intra42UITests" */ = {
			isa = XCConfigurationList;
			buildConfigurations = (
				9C1F1F4D2B42C0E000695C3E /* Debug */,
				9C1F1F4E2B42C0E000695C3E /* Release */,
			);
			defaultConfigurationIsVisible = 0;
			defaultConfigurationName = Release;
		};
/* End XCConfigurationList section */
	};
	rootObject = 9C1F1F1A2B42C0DF00695C3E /* Project object */;
}
